
Microsoft Visual Studio Solution File, Format Version 12.00
# Visual Studio Version 16
VisualStudioVersion = 16.0.31229.75
MinimumVisualStudioVersion = 10.0.40219.1
Project("{9A19103F-16F7-4668-BE54-9A1E7A4F7556}") = "TB.Net.POO.EspaceNom", "TB.Net.POO.EspaceNom\TB.Net.POO.EspaceNom.csproj", "{54E40C2D-EB97-47F8-B94C-5BF563D33F08}"
EndProject
Project("{9A19103F-16F7-4668-BE54-9A1E7A4F7556}") = "CommonObject", "CommonObject\CommonObject.csproj", "{5B7492B0-4B40-4A22-A23C-625AB4A215A4}"
EndProject
Project("{9A19103F-16F7-4668-BE54-9A1E7A4F7556}") = "TB.Net.POO.Encaps", "TB.Net.POO.Encaps\TB.Net.POO.Encaps.csproj", "{97651C09-8D2C-4D25-95DD-0C1E0439135F}"
EndProject
Project("{9A19103F-16F7-4668-BE54-9A1E7A4F7556}") = "TB.Net.POO.Properties", "TB.Net.POO.Properties\TB.Net.POO.Properties.csproj", "{09800B02-4615-4B28-84FD-E52DED4AE97A}"
EndProject
Project("{9A19103F-16F7-4668-BE54-9A1E7A4F7556}") = "TB.Net.POO.Indexeurs", "TB.Net.POO.Indexeurs\TB.Net.POO.Indexeurs.csproj", "{F41A30F1-178A-4F84-AEAF-502FE25061B0}"
EndProject
Project("{9A19103F-16F7-4668-BE54-9A1E7A4F7556}") = "TB.Net.POO.OrganisationClass", "TB.Net.POO.OrganisationClass\TB.Net.POO.OrganisationClass.csproj", "{21796495-F51B-4A3F-A340-C244B30EF20B}"
EndProject
Project("{9A19103F-16F7-4668-BE54-9A1E7A4F7556}") = "TB.Net.POO.Operateurs", "TB.Net.POO.Operateurs\TB.Net.POO.Operateurs.csproj", "{B051EDAC-1BD8-4CBD-A492-7C7015A69A3C}"
EndProject
Project("{9A19103F-16F7-4668-BE54-9A1E7A4F7556}") = "TB.Net.POO.Heritage", "TB.Net.POO.Heritage\TB.Net.POO.Heritage.csproj", "{D11A8086-25BD-48AC-AC20-697D3FC2B6B4}"
EndProject
Project("{FAE04EC0-301F-11D3-BF4B-00C04F79EFBC}") = "TB.Net.POO.Statique", "TB.Net.POO.Statique\TB.Net.POO.Statique.csproj", "{A2DF07C3-7AF0-4568-AC00-DA16230FEBAE}"
EndProject
Project("{FAE04EC0-301F-11D3-BF4B-00C04F79EFBC}") = "TB.Net.POO.Interfaces", "TB.Net.POO.Interfaces\TB.Net.POO.Interfaces.csproj", "{D27291D8-4DFB-4EAD-9318-66679135050A}"
EndProject
Project("{FAE04EC0-301F-11D3-BF4B-00C04F79EFBC}") = "TB.Net.POO.Ctors_01", "TB.Net.POO.Ctors_01\TB.Net.POO.Ctors_01.csproj", "{CEBB3147-A746-4EAD-8803-0FDB1CCF7376}"
EndProject
Project("{FAE04EC0-301F-11D3-BF4B-00C04F79EFBC}") = "TB.Net.POO.Ctors_02", "TB.Net.POO.Ctors_02\TB.Net.POO.Ctors_02.csproj", "{871CF209-E4A4-443E-88A9-53C5B3C09141}"
EndProject
Project("{FAE04EC0-301F-11D3-BF4B-00C04F79EFBC}") = "TB.Net.POO.Disposable", "TB.Net.POO.Disposable\TB.Net.POO.Disposable.csproj", "{EA49B57F-F1C1-4E8B-B35A-6953BC19B544}"
EndProject
Project("{FAE04EC0-301F-11D3-BF4B-00C04F79EFBC}") = "TB.Net.POO.TryCatchFinally", "TB.Net.POO.TryCatchFinally\TB.Net.POO.TryCatchFinally.csproj", "{F928C388-62A7-4119-A535-7859074D6825}"
EndProject
Project("{FAE04EC0-301F-11D3-BF4B-00C04F79EFBC}") = "TB.Net.POO.Exceptions", "TB.Net.POO.Exception\TB.Net.POO.Exceptions.csproj", "{05E5E033-DDFC-471E-B01C-1E373B0D55AA}"
EndProject
Global
	GlobalSection(SolutionConfigurationPlatforms) = preSolution
		Debug|Any CPU = Debug|Any CPU
		Release|Any CPU = Release|Any CPU
	EndGlobalSection
	GlobalSection(ProjectConfigurationPlatforms) = postSolution
		{54E40C2D-EB97-47F8-B94C-5BF563D33F08}.Debug|Any CPU.ActiveCfg = Debug|Any CPU
		{54E40C2D-EB97-47F8-B94C-5BF563D33F08}.Debug|Any CPU.Build.0 = Debug|Any CPU
		{54E40C2D-EB97-47F8-B94C-5BF563D33F08}.Release|Any CPU.ActiveCfg = Release|Any CPU
		{54E40C2D-EB97-47F8-B94C-5BF563D33F08}.Release|Any CPU.Build.0 = Release|Any CPU
		{5B7492B0-4B40-4A22-A23C-625AB4A215A4}.Debug|Any CPU.ActiveCfg = Debug|Any CPU
		{5B7492B0-4B40-4A22-A23C-625AB4A215A4}.Debug|Any CPU.Build.0 = Debug|Any CPU
		{5B7492B0-4B40-4A22-A23C-625AB4A215A4}.Release|Any CPU.ActiveCfg = Release|Any CPU
		{5B7492B0-4B40-4A22-A23C-625AB4A215A4}.Release|Any CPU.Build.0 = Release|Any CPU
		{97651C09-8D2C-4D25-95DD-0C1E0439135F}.Debug|Any CPU.ActiveCfg = Debug|Any CPU
		{97651C09-8D2C-4D25-95DD-0C1E0439135F}.Debug|Any CPU.Build.0 = Debug|Any CPU
		{97651C09-8D2C-4D25-95DD-0C1E0439135F}.Release|Any CPU.ActiveCfg = Release|Any CPU
		{97651C09-8D2C-4D25-95DD-0C1E0439135F}.Release|Any CPU.Build.0 = Release|Any CPU
		{09800B02-4615-4B28-84FD-E52DED4AE97A}.Debug|Any CPU.ActiveCfg = Debug|Any CPU
		{09800B02-4615-4B28-84FD-E52DED4AE97A}.Debug|Any CPU.Build.0 = Debug|Any CPU
		{09800B02-4615-4B28-84FD-E52DED4AE97A}.Release|Any CPU.ActiveCfg = Release|Any CPU
		{09800B02-4615-4B28-84FD-E52DED4AE97A}.Release|Any CPU.Build.0 = Release|Any CPU
		{F41A30F1-178A-4F84-AEAF-502FE25061B0}.Debug|Any CPU.ActiveCfg = Debug|Any CPU
		{F41A30F1-178A-4F84-AEAF-502FE25061B0}.Debug|Any CPU.Build.0 = Debug|Any CPU
		{F41A30F1-178A-4F84-AEAF-502FE25061B0}.Release|Any CPU.ActiveCfg = Release|Any CPU
		{F41A30F1-178A-4F84-AEAF-502FE25061B0}.Release|Any CPU.Build.0 = Release|Any CPU
		{21796495-F51B-4A3F-A340-C244B30EF20B}.Debug|Any CPU.ActiveCfg = Debug|Any CPU
		{21796495-F51B-4A3F-A340-C244B30EF20B}.Debug|Any CPU.Build.0 = Debug|Any CPU
		{21796495-F51B-4A3F-A340-C244B30EF20B}.Release|Any CPU.ActiveCfg = Release|Any CPU
		{21796495-F51B-4A3F-A340-C244B30EF20B}.Release|Any CPU.Build.0 = Release|Any CPU
		{B051EDAC-1BD8-4CBD-A492-7C7015A69A3C}.Debug|Any CPU.ActiveCfg = Debug|Any CPU
		{B051EDAC-1BD8-4CBD-A492-7C7015A69A3C}.Debug|Any CPU.Build.0 = Debug|Any CPU
		{B051EDAC-1BD8-4CBD-A492-7C7015A69A3C}.Release|Any CPU.ActiveCfg = Release|Any CPU
		{B051EDAC-1BD8-4CBD-A492-7C7015A69A3C}.Release|Any CPU.Build.0 = Release|Any CPU
		{D11A8086-25BD-48AC-AC20-697D3FC2B6B4}.Debug|Any CPU.ActiveCfg = Debug|Any CPU
		{D11A8086-25BD-48AC-AC20-697D3FC2B6B4}.Debug|Any CPU.Build.0 = Debug|Any CPU
		{D11A8086-25BD-48AC-AC20-697D3FC2B6B4}.Release|Any CPU.ActiveCfg = Release|Any CPU
		{D11A8086-25BD-48AC-AC20-697D3FC2B6B4}.Release|Any CPU.Build.0 = Release|Any CPU
		{A2DF07C3-7AF0-4568-AC00-DA16230FEBAE}.Debug|Any CPU.ActiveCfg = Debug|Any CPU
		{A2DF07C3-7AF0-4568-AC00-DA16230FEBAE}.Debug|Any CPU.Build.0 = Debug|Any CPU
		{A2DF07C3-7AF0-4568-AC00-DA16230FEBAE}.Release|Any CPU.ActiveCfg = Release|Any CPU
		{A2DF07C3-7AF0-4568-AC00-DA16230FEBAE}.Release|Any CPU.Build.0 = Release|Any CPU
		{D27291D8-4DFB-4EAD-9318-66679135050A}.Debug|Any CPU.ActiveCfg = Debug|Any CPU
		{D27291D8-4DFB-4EAD-9318-66679135050A}.Debug|Any CPU.Build.0 = Debug|Any CPU
		{D27291D8-4DFB-4EAD-9318-66679135050A}.Release|Any CPU.ActiveCfg = Release|Any CPU
		{D27291D8-4DFB-4EAD-9318-66679135050A}.Release|Any CPU.Build.0 = Release|Any CPU
		{CEBB3147-A746-4EAD-8803-0FDB1CCF7376}.Debug|Any CPU.ActiveCfg = Debug|Any CPU
		{CEBB3147-A746-4EAD-8803-0FDB1CCF7376}.Debug|Any CPU.Build.0 = Debug|Any CPU
		{CEBB3147-A746-4EAD-8803-0FDB1CCF7376}.Release|Any CPU.ActiveCfg = Release|Any CPU
		{CEBB3147-A746-4EAD-8803-0FDB1CCF7376}.Release|Any CPU.Build.0 = Release|Any CPU
		{871CF209-E4A4-443E-88A9-53C5B3C09141}.Debug|Any CPU.ActiveCfg = Debug|Any CPU
		{871CF209-E4A4-443E-88A9-53C5B3C09141}.Debug|Any CPU.Build.0 = Debug|Any CPU
		{871CF209-E4A4-443E-88A9-53C5B3C09141}.Release|Any CPU.ActiveCfg = Release|Any CPU
		{871CF209-E4A4-443E-88A9-53C5B3C09141}.Release|Any CPU.Build.0 = Release|Any CPU
		{EA49B57F-F1C1-4E8B-B35A-6953BC19B544}.Debug|Any CPU.ActiveCfg = Debug|Any CPU
		{EA49B57F-F1C1-4E8B-B35A-6953BC19B544}.Debug|Any CPU.Build.0 = Debug|Any CPU
		{EA49B57F-F1C1-4E8B-B35A-6953BC19B544}.Release|Any CPU.ActiveCfg = Release|Any CPU
		{EA49B57F-F1C1-4E8B-B35A-6953BC19B544}.Release|Any CPU.Build.0 = Release|Any CPU
		{F928C388-62A7-4119-A535-7859074D6825}.Debug|Any CPU.ActiveCfg = Debug|Any CPU
		{F928C388-62A7-4119-A535-7859074D6825}.Debug|Any CPU.Build.0 = Debug|Any CPU
		{F928C388-62A7-4119-A535-7859074D6825}.Release|Any CPU.ActiveCfg = Release|Any CPU
		{F928C388-62A7-4119-A535-7859074D6825}.Release|Any CPU.Build.0 = Release|Any CPU
		{05E5E033-DDFC-471E-B01C-1E373B0D55AA}.Debug|Any CPU.ActiveCfg = Debug|Any CPU
		{05E5E033-DDFC-471E-B01C-1E373B0D55AA}.Debug|Any CPU.Build.0 = Debug|Any CPU
		{05E5E033-DDFC-471E-B01C-1E373B0D55AA}.Release|Any CPU.ActiveCfg = Release|Any CPU
		{05E5E033-DDFC-471E-B01C-1E373B0D55AA}.Release|Any CPU.Build.0 = Release|Any CPU
	EndGlobalSection
	GlobalSection(SolutionProperties) = preSolution
		HideSolutionNode = FALSE
	EndGlobalSection
	GlobalSection(ExtensibilityGlobals) = postSolution
		SolutionGuid = {EBB899FF-7A85-49A9-A6E8-3981C928AC66}
	EndGlobalSection
EndGlobal
